
Microsoft Visual Studio Solution File, Format Version 12.00
# Visual Studio Version 17
VisualStudioVersion = 17.7.34221.43
MinimumVisualStudioVersion = 10.0.40219.1
Project("{9A19103F-16F7-4668-BE54-9A1E7A4F7556}") = "SimplePlayer", "SimplePlayer\SimplePlayer.csproj", "{984F6521-4CC8-49DF-B799-B85809BA63D7}"
EndProject
Global
	GlobalSection(SolutionConfigurationPlatforms) = preSolution
		Debug|Any CPU = Debug|Any CPU
		Release|Any CPU = Release|Any CPU
	EndGlobalSection
	GlobalSection(ProjectConfigurationPlatforms) = postSolution
		{984F6521-4CC8-49DF-B799-B85809BA63D7}.Debug|Any CPU.ActiveCfg = Debug|Any CPU
		{984F6521-4CC8-49DF-B799-B85809BA63D7}.Debug|Any CPU.Build.0 = Debug|Any CPU
		{984F6521-4CC8-49DF-B799-B85809BA63D7}.Release|Any CPU.ActiveCfg = Release|Any CPU
		{984F6521-4CC8-49DF-B799-B85809BA63D7}.Release|Any CPU.Build.0 = Release|Any CPU
	EndGlobalSection
	GlobalSection(SolutionProperties) = preSolution
		HideSolutionNode = FALSE
	EndGlobalSection
	GlobalSection(ExtensibilityGlobals) = postSolution
		SolutionGuid = {1561B109-11CC-401E-A129-752F343273FD}
	EndGlobalSection
EndGlobal
